
Microsoft Visual Studio Solution File, Format Version 12.00
# Visual Studio 15
VisualStudioVersion = 15.0.27703.2047
MinimumVisualStudioVersion = 10.0.40219.1
Project("{FAE04EC0-301F-11D3-BF4B-00C04F79EFBC}") = "ConsoleApp1", "ConsoleApp1\ConsoleApp1.csproj", "{D1B7B3D9-B44D-46C9-865C-5296A7C9CB8D}"
EndProject
Global
	GlobalSection(SolutionConfigurationPlatforms) = preSolution
		Debug|Any CPU = Debug|Any CPU
		Release|Any CPU = Release|Any CPU
	EndGlobalSection
	GlobalSection(ProjectConfigurationPlatforms) = postSolution
		{D1B7B3D9-B44D-46C9-865C-5296A7C9CB8D}.Debug|Any CPU.ActiveCfg = Debug|Any CPU
		{D1B7B3D9-B44D-46C9-865C-5296A7C9CB8D}.Debug|Any CPU.Build.0 = Debug|Any CPU
		{D1B7B3D9-B44D-46C9-865C-5296A7C9CB8D}.Release|Any CPU.ActiveCfg = Release|Any CPU
		{D1B7B3D9-B44D-46C9-865C-5296A7C9CB8D}.Release|Any CPU.Build.0 = Release|Any CPU
	EndGlobalSection
	GlobalSection(SolutionProperties) = preSolution
		HideSolutionNode = FALSE
	EndGlobalSection
	GlobalSection(ExtensibilityGlobals) = postSolution
		SolutionGuid = {49290386-DC33-4445-94EF-C881E26190D2}
	EndGlobalSection
EndGlobal
